{
    "_readme": [
        "This file locks the dependencies of your project to a known state",
        "Read more about it at https://getcomposer.org/doc/01-basic-usage.md#installing-dependencies",
        "This file is @generated automatically"
    ],
    "content-hash": "3d65b21283265ab350ca8949f9848e29",
    "packages": [
        {
            "name": "psr/container",
            "version": "1.0.0",
            "source": {
                "type": "git",
                "url": "https://github.com/php-fig/container.git",
                "reference": "b7ce3b176482dbbc1245ebf52b181af44c2cf55f"
            },
            "dist": {
                "type": "zip",
                "url": "https://api.github.com/repos/php-fig/container/zipball/b7ce3b176482dbbc1245ebf52b181af44c2cf55f",
                "reference": "b7ce3b176482dbbc1245ebf52b181af44c2cf55f",
                "shasum": ""
            },
            "require": {
                "php": ">=5.3.0"
            },
            "type": "library",
            "extra": {
                "branch-alias": {
                    "dev-master": "1.0.x-dev"
                }
            },
            "autoload": {
                "psr-4": {
                    "Psr\\Container\\": "src/"
                }
            },
            "notification-url": "https://packagist.org/downloads/",
            "license": [
                "MIT"
            ],
            "authors": [
                {
                    "name": "PHP-FIG",
                    "homepage": "http://www.php-fig.org/"
                }
            ],
            "description": "Common Container Interface (PHP FIG PSR-11)",
            "homepage": "https://github.com/php-fig/container",
            "keywords": [
                "PSR-11",
                "container",
                "container-interface",
                "container-interop",
                "psr"
            ],
            "time": "2017-02-14T16:28:37+00:00"
        },
        {
            "name": "rollbyte/wooo",
            "version": "0.1.0.x-dev",
            "source": {
                "type": "git",
                "url": "https://github.com/rollbyte/wooo.git",
                "reference": "4d2144b0fd844aac34ef002ff85e4556a7229c49"
            },
            "require": {
                "ext-intl": "*",
                "php": "^7.3",
                "psr/container": "~1.0"
            },
            "require-dev": {
                "phpunit/phpunit": "~7.5",
                "sebastian/phpcpd": "5.0.1",
                "squizlabs/php_codesniffer": "~3"
            },
            "type": "library",
            "autoload": {
                "psr-4": {
                    "wooo\\core\\": "core",
                    "wooo\\lib\\": "lib"
                },
                "files": [
                    "autoload.php"
                ]
            },
            "autoload-dev": {
                "psr-4": {
                    "wooo\\tests\\": "tests"
                }
            },
            "time": "2020-07-03T07:01:16+00:00"
        }
    ],
    "packages-dev": [],
    "aliases": [],
    "minimum-stability": "stable",
    "stability-flags": {
        "rollbyte/wooo": 20
    },
    "prefer-stable": false,
    "prefer-lowest": false,
    "platform": [],
    "platform-dev": []
}
